
Microsoft Visual Studio Solution File, Format Version 12.00
# Visual Studio Version 17
VisualStudioVersion = 17.12.35506.116
MinimumVisualStudioVersion = 10.0.40219.1
Project("{FAE04EC0-301F-11D3-BF4B-00C04F79EFBC}") = "Farmer.Data.API", "Farmer.Data.API.csproj", "{94F0CE56-EB21-4FD8-BD04-B8794E56FA7F}"
EndProject
Project("{FAE04EC0-301F-11D3-BF4B-00C04F79EFBC}") = "ReportExtracts.App", "..\ReportExtracts.App\ReportExtracts.App.csproj", "{114C5798-393D-4B62-A344-323CDBE40477}"
EndProject
Global
	GlobalSection(SolutionConfigurationPlatforms) = preSolution
		Debug|Any CPU = Debug|Any CPU
		Release|Any CPU = Release|Any CPU
	EndGlobalSection
	GlobalSection(ProjectConfigurationPlatforms) = postSolution
		{94F0CE56-EB21-4FD8-BD04-B8794E56FA7F}.Debug|Any CPU.ActiveCfg = Debug|Any CPU
		{94F0CE56-EB21-4FD8-BD04-B8794E56FA7F}.Debug|Any CPU.Build.0 = Debug|Any CPU
		{94F0CE56-EB21-4FD8-BD04-B8794E56FA7F}.Release|Any CPU.ActiveCfg = Release|Any CPU
		{94F0CE56-EB21-4FD8-BD04-B8794E56FA7F}.Release|Any CPU.Build.0 = Release|Any CPU
		{114C5798-393D-4B62-A344-323CDBE40477}.Debug|Any CPU.ActiveCfg = Debug|Any CPU
		{114C5798-393D-4B62-A344-323CDBE40477}.Debug|Any CPU.Build.0 = Debug|Any CPU
		{114C5798-393D-4B62-A344-323CDBE40477}.Release|Any CPU.ActiveCfg = Release|Any CPU
		{114C5798-393D-4B62-A344-323CDBE40477}.Release|Any CPU.Build.0 = Release|Any CPU
	EndGlobalSection
	GlobalSection(SolutionProperties) = preSolution
		HideSolutionNode = FALSE
	EndGlobalSection
EndGlobal
